{
  "version": 4,
  "terraform_version": "1.7.5",
  "serial": 25,
  "lineage": "9398d4f0-363a-1d44-4c1f-6920c4f3a3a5",
  "outputs": {
    "load_balancer_dns": {
      "value": "devops-assignment6-elb-1931041562.us-east-1.elb.amazonaws.com",
      "type": "string"
    },
    "private_key_path": {
      "value": "./devops-key.pem",
      "type": "string"
    }
  },
  "resources": [
    {
      "mode": "managed",
      "type": "aws_elb",
      "name": "production_elb",
      "provider": "provider[\"registry.terraform.io/hashicorp/aws\"]",
      "instances": [
        {
          "schema_version": 0,
          "attributes": {
            "access_logs": [],
            "arn": "arn:aws:elasticloadbalancing:us-east-1:935260348081:loadbalancer/devops-assignment6-elb",
            "availability_zones": [
              "us-east-1a"
            ],
            "connection_draining": false,
            "connection_draining_timeout": 300,
            "cross_zone_load_balancing": true,
            "desync_mitigation_mode": "defensive",
            "dns_name": "devops-assignment6-elb-1931041562.us-east-1.elb.amazonaws.com",
            "health_check": [
              {
                "healthy_threshold": 2,
                "interval": 30,
                "target": "HTTP:80/",
                "timeout": 5,
                "unhealthy_threshold": 2
              }
            ],
            "id": "devops-assignment6-elb",
            "idle_timeout": 60,
            "instances": [
              "i-00a385672a18994fb",
              "i-06b9c08dd4ee5103a"
            ],
            "internal": false,
            "listener": [
              {
                "instance_port": 80,
                "instance_protocol": "http",
                "lb_port": 80,
                "lb_protocol": "http",
                "ssl_certificate_id": ""
              }
            ],
            "name": "devops-assignment6-elb",
            "name_prefix": "",
            "security_groups": [
              "sg-071802887baf8d373"
            ],
            "source_security_group": "935260348081/devops-assignment6-sg",
            "source_security_group_id": "sg-071802887baf8d373",
            "subnets": [
              "subnet-0955b633b24ed6e8f"
            ],
            "tags": {
              "Name": "devops-assignment6-elb"
            },
            "tags_all": {
              "Name": "devops-assignment6-elb"
            },
            "timeouts": null,
            "zone_id": "Z35SXDOTRQ7X7K"
          },
          "sensitive_attributes": [],
          "private": "eyJlMmJmYjczMC1lY2FhLTExZTYtOGY4OC0zNDM2M2JjN2M0YzAiOnsiY3JlYXRlIjozMDAwMDAwMDAwMDAsInVwZGF0ZSI6MzAwMDAwMDAwMDAwfX0=",
          "dependencies": [
            "aws_instance.production_1",
            "aws_instance.production_2",
            "aws_key_pair.devops_key_pair",
            "aws_security_group.instance_sg",
            "aws_subnet.public_subnet",
            "aws_vpc.main_vpc",
            "tls_private_key.devops_key"
          ]
        }
      ]
    },
    {
      "mode": "managed",
      "type": "aws_instance",
      "name": "production_1",
      "provider": "provider[\"registry.terraform.io/hashicorp/aws\"]",
      "instances": [
        {
          "schema_version": 1,
          "attributes": {
            "ami": "ami-0c02fb55956c7d316",
            "arn": "arn:aws:ec2:us-east-1:935260348081:instance/i-00a385672a18994fb",
            "associate_public_ip_address": true,
            "availability_zone": "us-east-1a",
            "capacity_reservation_specification": [
              {
                "capacity_reservation_preference": "open",
                "capacity_reservation_target": []
              }
            ],
            "cpu_core_count": 1,
            "cpu_options": [
              {
                "amd_sev_snp": "",
                "core_count": 1,
                "threads_per_core": 1
              }
            ],
            "cpu_threads_per_core": 1,
            "credit_specification": [
              {
                "cpu_credits": "standard"
              }
            ],
            "disable_api_stop": false,
            "disable_api_termination": false,
            "ebs_block_device": [],
            "ebs_optimized": false,
            "enable_primary_ipv6": null,
            "enclave_options": [
              {
                "enabled": false
              }
            ],
            "ephemeral_block_device": [],
            "get_password_data": false,
            "hibernation": false,
            "host_id": "",
            "host_resource_group_arn": null,
            "iam_instance_profile": "",
            "id": "i-00a385672a18994fb",
            "instance_initiated_shutdown_behavior": "stop",
            "instance_lifecycle": "",
            "instance_market_options": [],
            "instance_state": "running",
            "instance_type": "t2.micro",
            "ipv6_address_count": 0,
            "ipv6_addresses": [],
            "key_name": "devops-key",
            "launch_template": [],
            "maintenance_options": [
              {
                "auto_recovery": "default"
              }
            ],
            "metadata_options": [
              {
                "http_endpoint": "enabled",
                "http_protocol_ipv6": "disabled",
                "http_put_response_hop_limit": 1,
                "http_tokens": "optional",
                "instance_metadata_tags": "disabled"
              }
            ],
            "monitoring": false,
            "network_interface": [],
            "outpost_arn": "",
            "password_data": "",
            "placement_group": "",
            "placement_partition_number": 0,
            "primary_network_interface_id": "eni-00712e797dbeea375",
            "private_dns": "ip-10-0-1-153.ec2.internal",
            "private_dns_name_options": [
              {
                "enable_resource_name_dns_a_record": false,
                "enable_resource_name_dns_aaaa_record": false,
                "hostname_type": "ip-name"
              }
            ],
            "private_ip": "10.0.1.153",
            "public_dns": "ec2-44-192-88-68.compute-1.amazonaws.com",
            "public_ip": "44.192.88.68",
            "root_block_device": [
              {
                "delete_on_termination": true,
                "device_name": "/dev/xvda",
                "encrypted": false,
                "iops": 100,
                "kms_key_id": "",
                "tags": {},
                "tags_all": {},
                "throughput": 0,
                "volume_id": "vol-0c13dc19cb6f24803",
                "volume_size": 8,
                "volume_type": "gp2"
              }
            ],
            "secondary_private_ips": [],
            "security_groups": [],
            "source_dest_check": true,
            "spot_instance_request_id": "",
            "subnet_id": "subnet-0955b633b24ed6e8f",
            "tags": {
              "Name": "devops-assignment6-production-1"
            },
            "tags_all": {
              "Name": "devops-assignment6-production-1"
            },
            "tenancy": "default",
            "timeouts": null,
            "user_data": "8d3c0ba80921011b9f168873dbc0cb49b5cb9fc0",
            "user_data_base64": null,
            "user_data_replace_on_change": false,
            "volume_tags": null,
            "vpc_security_group_ids": [
              "sg-071802887baf8d373"
            ]
          },
          "sensitive_attributes": [],
          "private": "eyJlMmJmYjczMC1lY2FhLTExZTYtOGY4OC0zNDM2M2JjN2M0YzAiOnsiY3JlYXRlIjo2MDAwMDAwMDAwMDAsImRlbGV0ZSI6MTIwMDAwMDAwMDAwMCwicmVhZCI6OTAwMDAwMDAwMDAwLCJ1cGRhdGUiOjYwMDAwMDAwMDAwMH0sInNjaGVtYV92ZXJzaW9uIjoiMSJ9",
          "dependencies": [
            "aws_key_pair.devops_key_pair",
            "aws_security_group.instance_sg",
            "aws_subnet.public_subnet",
            "aws_vpc.main_vpc",
            "tls_private_key.devops_key"
          ]
        }
      ]
    },
    {
      "mode": "managed",
      "type": "aws_instance",
      "name": "production_2",
      "provider": "provider[\"registry.terraform.io/hashicorp/aws\"]",
      "instances": [
        {
          "schema_version": 1,
          "attributes": {
            "ami": "ami-0c02fb55956c7d316",
            "arn": "arn:aws:ec2:us-east-1:935260348081:instance/i-06b9c08dd4ee5103a",
            "associate_public_ip_address": true,
            "availability_zone": "us-east-1a",
            "capacity_reservation_specification": [
              {
                "capacity_reservation_preference": "open",
                "capacity_reservation_target": []
              }
            ],
            "cpu_core_count": 1,
            "cpu_options": [
              {
                "amd_sev_snp": "",
                "core_count": 1,
                "threads_per_core": 1
              }
            ],
            "cpu_threads_per_core": 1,
            "credit_specification": [
              {
                "cpu_credits": "standard"
              }
            ],
            "disable_api_stop": false,
            "disable_api_termination": false,
            "ebs_block_device": [],
            "ebs_optimized": false,
            "enable_primary_ipv6": null,
            "enclave_options": [
              {
                "enabled": false
              }
            ],
            "ephemeral_block_device": [],
            "get_password_data": false,
            "hibernation": false,
            "host_id": "",
            "host_resource_group_arn": null,
            "iam_instance_profile": "",
            "id": "i-06b9c08dd4ee5103a",
            "instance_initiated_shutdown_behavior": "stop",
            "instance_lifecycle": "",
            "instance_market_options": [],
            "instance_state": "running",
            "instance_type": "t2.micro",
            "ipv6_address_count": 0,
            "ipv6_addresses": [],
            "key_name": "devops-key",
            "launch_template": [],
            "maintenance_options": [
              {
                "auto_recovery": "default"
              }
            ],
            "metadata_options": [
              {
                "http_endpoint": "enabled",
                "http_protocol_ipv6": "disabled",
                "http_put_response_hop_limit": 1,
                "http_tokens": "optional",
                "instance_metadata_tags": "disabled"
              }
            ],
            "monitoring": false,
            "network_interface": [],
            "outpost_arn": "",
            "password_data": "",
            "placement_group": "",
            "placement_partition_number": 0,
            "primary_network_interface_id": "eni-05f0283db4711e621",
            "private_dns": "ip-10-0-1-107.ec2.internal",
            "private_dns_name_options": [
              {
                "enable_resource_name_dns_a_record": false,
                "enable_resource_name_dns_aaaa_record": false,
                "hostname_type": "ip-name"
              }
            ],
            "private_ip": "10.0.1.107",
            "public_dns": "ec2-18-205-1-5.compute-1.amazonaws.com",
            "public_ip": "18.205.1.5",
            "root_block_device": [
              {
                "delete_on_termination": true,
                "device_name": "/dev/xvda",
                "encrypted": false,
                "iops": 100,
                "kms_key_id": "",
                "tags": {},
                "tags_all": {},
                "throughput": 0,
                "volume_id": "vol-0704cc2a701470d4d",
                "volume_size": 8,
                "volume_type": "gp2"
              }
            ],
            "secondary_private_ips": [],
            "security_groups": [],
            "source_dest_check": true,
            "spot_instance_request_id": "",
            "subnet_id": "subnet-0955b633b24ed6e8f",
            "tags": {
              "Name": "devops-assignment6-production-2"
            },
            "tags_all": {
              "Name": "devops-assignment6-production-2"
            },
            "tenancy": "default",
            "timeouts": null,
            "user_data": "566c357d594ef3569254c717d25ad951628d35bb",
            "user_data_base64": null,
            "user_data_replace_on_change": false,
            "volume_tags": null,
            "vpc_security_group_ids": [
              "sg-071802887baf8d373"
            ]
          },
          "sensitive_attributes": [],
          "private": "eyJlMmJmYjczMC1lY2FhLTExZTYtOGY4OC0zNDM2M2JjN2M0YzAiOnsiY3JlYXRlIjo2MDAwMDAwMDAwMDAsImRlbGV0ZSI6MTIwMDAwMDAwMDAwMCwicmVhZCI6OTAwMDAwMDAwMDAwLCJ1cGRhdGUiOjYwMDAwMDAwMDAwMH0sInNjaGVtYV92ZXJzaW9uIjoiMSJ9",
          "dependencies": [
            "aws_key_pair.devops_key_pair",
            "aws_security_group.instance_sg",
            "aws_subnet.public_subnet",
            "aws_vpc.main_vpc",
            "tls_private_key.devops_key"
          ]
        }
      ]
    },
    {
      "mode": "managed",
      "type": "aws_internet_gateway",
      "name": "gw",
      "provider": "provider[\"registry.terraform.io/hashicorp/aws\"]",
      "instances": [
        {
          "schema_version": 0,
          "attributes": {
            "arn": "arn:aws:ec2:us-east-1:935260348081:internet-gateway/igw-0c1bed43119444ceb",
            "id": "igw-0c1bed43119444ceb",
            "owner_id": "935260348081",
            "tags": {
              "Name": "devops-assignment6-igw"
            },
            "tags_all": {
              "Name": "devops-assignment6-igw"
            },
            "timeouts": null,
            "vpc_id": "vpc-0991f350ab0234da7"
          },
          "sensitive_attributes": [],
          "private": "eyJlMmJmYjczMC1lY2FhLTExZTYtOGY4OC0zNDM2M2JjN2M0YzAiOnsiY3JlYXRlIjoxMjAwMDAwMDAwMDAwLCJkZWxldGUiOjEyMDAwMDAwMDAwMDAsInVwZGF0ZSI6MTIwMDAwMDAwMDAwMH19",
          "dependencies": [
            "aws_vpc.main_vpc"
          ]
        }
      ]
    },
    {
      "mode": "managed",
      "type": "aws_key_pair",
      "name": "devops_key_pair",
      "provider": "provider[\"registry.terraform.io/hashicorp/aws\"]",
      "instances": [
        {
          "schema_version": 1,
          "attributes": {
            "arn": "arn:aws:ec2:us-east-1:935260348081:key-pair/devops-key",
            "fingerprint": "65:96:31:c7:cd:fc:34:22:4d:99:41:55:41:9b:54:7b",
            "id": "devops-key",
            "key_name": "devops-key",
            "key_name_prefix": "",
            "key_pair_id": "key-0e16ca48c706453e0",
            "key_type": "rsa",
            "public_key": "ssh-rsa AAAAB3NzaC1yc2EAAAADAQABAAACAQCzezaiOwAJdEM++0My3Kj/Uwqn6O2X/HGoBB3nSMD2NbSpmppkRWiowWWpcJ5LnvlB2YAq8nVDvFA92NgqFaPsk5aqRXjt1D6Q8qasgLxSCGqFIiu4jIKnUlGrzYZFy9OoyEM7eZVeV4T2mwYECSazGyNh1vboIogYFuCfc5rOUy0b5dPBFk/7tovOZUnqI65OdOArpMoQfelSH2VRk0BiegHpvU4rGiDNEF8dbG0Uw6EaHXm7MEtUFFBpJQgmQZd5dckFx4YWQlOT9d0/08deUIAE47W4FIPsaWi02Fsn+2zZcXQnHpSbpGT6pagjKDouOxQe3zsDnAEpzB6CG/Rzwqsu3YFHRyk4EgSzMkzbtiHqLI07JaKG/D8uOcrddA3BrpTqPqdDId/f94x9klMSfH3cZGGsr/NKoeyrJYAVRNcjvbVNI+ffHuTjB+spCKng0smt0s6uPzyvG5ExP8dDM2BPc3xJpRJyrfaIEO8dmDBoPYaRQPMhdNVwA+JrdaBjvXusjj3Y/E4r4758B8OvDefW1QpJUWOqOz1b2x3zacJ99+I5dXkxBGxZBU8WDVfCG2bmcsVSDumxWk6PLcocqrlFJiqJA9TTIStYmU0uVBXXizS7GI2qPh+v9pPDa+/4Gf0H78PtGqjN4/u5XoDCcL5+JjY/6AHSiK7Jm/9VlQ==",
            "tags": {},
            "tags_all": {}
          },
          "sensitive_attributes": [],
          "private": "eyJzY2hlbWFfdmVyc2lvbiI6IjEifQ==",
          "dependencies": [
            "tls_private_key.devops_key"
          ]
        }
      ]
    },
    {
      "mode": "managed",
      "type": "aws_route_table",
      "name": "route_table",
      "provider": "provider[\"registry.terraform.io/hashicorp/aws\"]",
      "instances": [
        {
          "schema_version": 0,
          "attributes": {
            "arn": "arn:aws:ec2:us-east-1:935260348081:route-table/rtb-00dc7fa899f33f30f",
            "id": "rtb-00dc7fa899f33f30f",
            "owner_id": "935260348081",
            "propagating_vgws": [],
            "route": [
              {
                "carrier_gateway_id": "",
                "cidr_block": "0.0.0.0/0",
                "core_network_arn": "",
                "destination_prefix_list_id": "",
                "egress_only_gateway_id": "",
                "gateway_id": "igw-0c1bed43119444ceb",
                "ipv6_cidr_block": "",
                "local_gateway_id": "",
                "nat_gateway_id": "",
                "network_interface_id": "",
                "transit_gateway_id": "",
                "vpc_endpoint_id": "",
                "vpc_peering_connection_id": ""
              }
            ],
            "tags": {
              "Name": "devops-assignment6-route-table"
            },
            "tags_all": {
              "Name": "devops-assignment6-route-table"
            },
            "timeouts": null,
            "vpc_id": "vpc-0991f350ab0234da7"
          },
          "sensitive_attributes": [],
          "private": "eyJlMmJmYjczMC1lY2FhLTExZTYtOGY4OC0zNDM2M2JjN2M0YzAiOnsiY3JlYXRlIjozMDAwMDAwMDAwMDAsImRlbGV0ZSI6MzAwMDAwMDAwMDAwLCJ1cGRhdGUiOjEyMDAwMDAwMDAwMH19",
          "dependencies": [
            "aws_internet_gateway.gw",
            "aws_vpc.main_vpc"
          ]
        }
      ]
    },
    {
      "mode": "managed",
      "type": "aws_route_table_association",
      "name": "route_assoc",
      "provider": "provider[\"registry.terraform.io/hashicorp/aws\"]",
      "instances": [
        {
          "schema_version": 0,
          "attributes": {
            "gateway_id": "",
            "id": "rtbassoc-0250e679c41ad896d",
            "route_table_id": "rtb-00dc7fa899f33f30f",
            "subnet_id": "subnet-0955b633b24ed6e8f",
            "timeouts": null
          },
          "sensitive_attributes": [],
          "private": "eyJlMmJmYjczMC1lY2FhLTExZTYtOGY4OC0zNDM2M2JjN2M0YzAiOnsiY3JlYXRlIjozMDAwMDAwMDAwMDAsImRlbGV0ZSI6MzAwMDAwMDAwMDAwLCJ1cGRhdGUiOjEyMDAwMDAwMDAwMH19",
          "dependencies": [
            "aws_internet_gateway.gw",
            "aws_route_table.route_table",
            "aws_subnet.public_subnet",
            "aws_vpc.main_vpc"
          ]
        }
      ]
    },
    {
      "mode": "managed",
      "type": "aws_security_group",
      "name": "instance_sg",
      "provider": "provider[\"registry.terraform.io/hashicorp/aws\"]",
      "instances": [
        {
          "schema_version": 1,
          "attributes": {
            "arn": "arn:aws:ec2:us-east-1:935260348081:security-group/sg-071802887baf8d373",
            "description": "Allow SSH, HTTP and HTTPS traffic",
            "egress": [
              {
                "cidr_blocks": [
                  "0.0.0.0/0"
                ],
                "description": "",
                "from_port": 0,
                "ipv6_cidr_blocks": [],
                "prefix_list_ids": [],
                "protocol": "-1",
                "security_groups": [],
                "self": false,
                "to_port": 0
              }
            ],
            "id": "sg-071802887baf8d373",
            "ingress": [
              {
                "cidr_blocks": [
                  "0.0.0.0/0"
                ],
                "description": "Allow HTTP",
                "from_port": 80,
                "ipv6_cidr_blocks": [],
                "prefix_list_ids": [],
                "protocol": "tcp",
                "security_groups": [],
                "self": false,
                "to_port": 80
              },
              {
                "cidr_blocks": [
                  "0.0.0.0/0"
                ],
                "description": "Allow HTTPS",
                "from_port": 443,
                "ipv6_cidr_blocks": [],
                "prefix_list_ids": [],
                "protocol": "tcp",
                "security_groups": [],
                "self": false,
                "to_port": 443
              },
              {
                "cidr_blocks": [
                  "0.0.0.0/0"
                ],
                "description": "Allow SSH",
                "from_port": 22,
                "ipv6_cidr_blocks": [],
                "prefix_list_ids": [],
                "protocol": "tcp",
                "security_groups": [],
                "self": false,
                "to_port": 22
              }
            ],
            "name": "devops-assignment6-sg",
            "name_prefix": "",
            "owner_id": "935260348081",
            "revoke_rules_on_delete": false,
            "tags": {
              "Name": "devops-assignment6-sg"
            },
            "tags_all": {
              "Name": "devops-assignment6-sg"
            },
            "timeouts": null,
            "vpc_id": "vpc-0991f350ab0234da7"
          },
          "sensitive_attributes": [],
          "private": "eyJlMmJmYjczMC1lY2FhLTExZTYtOGY4OC0zNDM2M2JjN2M0YzAiOnsiY3JlYXRlIjo2MDAwMDAwMDAwMDAsImRlbGV0ZSI6OTAwMDAwMDAwMDAwfSwic2NoZW1hX3ZlcnNpb24iOiIxIn0=",
          "dependencies": [
            "aws_vpc.main_vpc"
          ]
        }
      ]
    },
    {
      "mode": "managed",
      "type": "aws_subnet",
      "name": "public_subnet",
      "provider": "provider[\"registry.terraform.io/hashicorp/aws\"]",
      "instances": [
        {
          "schema_version": 1,
          "attributes": {
            "arn": "arn:aws:ec2:us-east-1:935260348081:subnet/subnet-0955b633b24ed6e8f",
            "assign_ipv6_address_on_creation": false,
            "availability_zone": "us-east-1a",
            "availability_zone_id": "use1-az1",
            "cidr_block": "10.0.1.0/24",
            "customer_owned_ipv4_pool": "",
            "enable_dns64": false,
            "enable_lni_at_device_index": 0,
            "enable_resource_name_dns_a_record_on_launch": false,
            "enable_resource_name_dns_aaaa_record_on_launch": false,
            "id": "subnet-0955b633b24ed6e8f",
            "ipv6_cidr_block": "",
            "ipv6_cidr_block_association_id": "",
            "ipv6_native": false,
            "map_customer_owned_ip_on_launch": false,
            "map_public_ip_on_launch": true,
            "outpost_arn": "",
            "owner_id": "935260348081",
            "private_dns_hostname_type_on_launch": "ip-name",
            "tags": {
              "Name": "devops-assignment6-subnet"
            },
            "tags_all": {
              "Name": "devops-assignment6-subnet"
            },
            "timeouts": null,
            "vpc_id": "vpc-0991f350ab0234da7"
          },
          "sensitive_attributes": [],
          "private": "eyJlMmJmYjczMC1lY2FhLTExZTYtOGY4OC0zNDM2M2JjN2M0YzAiOnsiY3JlYXRlIjo2MDAwMDAwMDAwMDAsImRlbGV0ZSI6MTIwMDAwMDAwMDAwMH0sInNjaGVtYV92ZXJzaW9uIjoiMSJ9",
          "dependencies": [
            "aws_vpc.main_vpc"
          ]
        }
      ]
    },
    {
      "mode": "managed",
      "type": "aws_vpc",
      "name": "main_vpc",
      "provider": "provider[\"registry.terraform.io/hashicorp/aws\"]",
      "instances": [
        {
          "schema_version": 1,
          "attributes": {
            "arn": "arn:aws:ec2:us-east-1:935260348081:vpc/vpc-0991f350ab0234da7",
            "assign_generated_ipv6_cidr_block": false,
            "cidr_block": "10.0.0.0/16",
            "default_network_acl_id": "acl-00847734d05d847e4",
            "default_route_table_id": "rtb-0d8ca403f6cf5ecc0",
            "default_security_group_id": "sg-02ef22a994471e0ce",
            "dhcp_options_id": "dopt-0d6ef911b2d7892d8",
            "enable_dns_hostnames": true,
            "enable_dns_support": true,
            "enable_network_address_usage_metrics": false,
            "id": "vpc-0991f350ab0234da7",
            "instance_tenancy": "default",
            "ipv4_ipam_pool_id": null,
            "ipv4_netmask_length": null,
            "ipv6_association_id": "",
            "ipv6_cidr_block": "",
            "ipv6_cidr_block_network_border_group": "",
            "ipv6_ipam_pool_id": "",
            "ipv6_netmask_length": 0,
            "main_route_table_id": "rtb-0d8ca403f6cf5ecc0",
            "owner_id": "935260348081",
            "tags": {
              "Name": "devops-assignment6-vpc"
            },
            "tags_all": {
              "Name": "devops-assignment6-vpc"
            }
          },
          "sensitive_attributes": [],
          "private": "eyJzY2hlbWFfdmVyc2lvbiI6IjEifQ=="
        }
      ]
    },
    {
      "mode": "managed",
      "type": "local_file",
      "name": "private_key_pem",
      "provider": "provider[\"registry.terraform.io/hashicorp/local\"]",
      "instances": [
        {
          "schema_version": 0,
          "attributes": {
            "content": "-----BEGIN RSA PRIVATE KEY-----\nMIIJKQIBAAKCAgEAs3s2ojsACXRDPvtDMtyo/1MKp+jtl/xxqAQd50jA9jW0qZqa\nZEVoqMFlqXCeS575QdmAKvJ1Q7xQPdjYKhWj7JOWqkV47dQ+kPKmrIC8UghqhSIr\nuIyCp1JRq82GRcvTqMhDO3mVXleE9psGBAkmsxsjYdb26CKIGBbgn3OazlMtG+XT\nwRZP+7aLzmVJ6iOuTnTgK6TKEH3pUh9lUZNAYnoB6b1OKxogzRBfHWxtFMOhGh15\nuzBLVBRQaSUIJkGXeXXJBceGFkJTk/XdP9PHXlCABOO1uBSD7GlotNhbJ/ts2XF0\nJx6Um6Rk+qWoIyg6LjsUHt87A5wBKcweghv0c8KrLt2BR0cpOBIEszJM27Yh6iyN\nOyWihvw/LjnK3XQNwa6U6j6nQyHf3/eMfZJTEnx93GRhrK/zSqHsqyWAFUTXI721\nTSPn3x7k4wfrKQip4NLJrdLOrj88rxuRMT/HQzNgT3N8SaUScq32iBDvHZgwaD2G\nkUDzIXTVcAPia3WgY717rI492PxOK+O+fAfDrw3n1tUKSVFjqjs9W9sd82nCfffi\nOXV5MQRsWQVPFg1Xwhtm5nLFUg7psVpOjy3KHKq5RSYqiQPU0yErWJlNLlQV14s0\nuxiNqj4fr/aTw2vv+Bn9B+/D7RqozeP7uV6AwnC+fiY2P+gB0oiuyZv/VZUCAwEA\nAQKCAgADNxPVeCUaBkEmIa4kfRtx53TraRrIfDc1AU3f1MfQIUopN6HIZg3n5/8A\nOAo95I0mhtTq8Aj1u6vcT8QfjN+w3zv1tOTjrcepJQ+jS3MULR5rYB9UYP/+K1VX\nNIlROsOB5IR/zj/EvuCc4k4LSHavAq9xkz49DlFNzSsc8B83zvmh5E4UyWeJZM3A\nVsQqM5Vtxl41qfAMt5S0aeeQvIiMuw7JtyBtWTx5L+/kQQr7Mj3yj9Ccb9MJoIuI\nNqect9QU0u1U8ywNvgZtQhxChnKt19dTPxkEQSnT1FeR1cZcQv7CLmwcP0n+N8Wv\nT8RhTNkt9tT3cJxIBkVnEEcDoaiRWpdV0cvt3CbMXKrdULfQKxOPzA71MfWH5EXI\nb27hSiBrZwkF85cOLoEBQzhuj95osLw/2faO7QnrONhQTLpWc+YVEg8ZTbnb1DAd\n8FDaUDbCyEzkMXohRZJGbJDypXZAjqwAKVktq65Qcaa7AaZDc3TYpTfN3hahJdoQ\nMQQ3W/UZMkMz6EdSkbMAi4NkOc42k1rvVgTAwjsTu3Ye6we3rU5KyGKMaTvFl7/D\n2e/WwDCNuu43Aq3HfuHAb2FW32geTJu6eD1lM7RWlZg9km3Nii06Q7+LdcK8HHzL\nNNMVkxUQi8zgwtCgY9hSsLTYfftNhjtOwGklSqpmOonzYgUwSQKCAQEA6p9HhHRy\nKjQ0L8pOUL7pfee7ilX0781lmyiQDw3diL1S/VdHGZdw9omyQWbbuO1fwHUp2j2g\nVz132zf5j5KKEm9nzalgLwvAU5WXyVgKS9au1qi/G9hoAj+WEPD5eWw4BzWse2do\nOivITg+evTM/lFNxzmZQlpmG/QfpCK7pwsi1apLlSAxLv244McY+C+kLiTjLb9z+\npg6phwKJaLRxEFTl9dKj57lA3Up340CiAoo/ItgPUuoSZCMzEdut69b8ERJ8GbaZ\nN7+5C1iQ1lFmEpIEHnrTieTqM+rMVuNJJ4acR+qYKhWhvD133+8TZNsVUsjFHJ1L\nRku6d0esQFnR+wKCAQEAw9W8XJgHP7PsA4qkpR/aCg7Q85rfFkYd7uWeVn/JL2lk\nx9NyKoMBXarWAMoYaDtF5GNIFLx+sl2ry5q2l4iLJTR/SWnUWqhRzz8hSG7JBrr9\n2w4SZVZ+IE3HvZH/bTEsHacvGq28KQ0EONTjI3v0UW1LdnEiKSa+j4ZuUsWGBZrP\nLAIJPaOhE4mMOS3w92WtNPs2zIRYaRQHkIAU6/Mq5ywoNvoKevT2zI9uf+OQYi15\nfSYvdgkAuOUrnDtwJBPmcDbnlWw1Vf7MCP8CfccE4WbyLRhHN9RjwL3lc5QLBXi0\nKdtdFg9JFd5alq9+i1rFpBokYibCFVlxRGOkj2txrwKCAQAIsEtauWE89N/14R0T\nWm6VLg7A6bv/YXDg1Ri4pf/NP42iOig052nUh3bleySp7Yh9PRmGrn+Qm4MjyCfi\nzD92vU9vy1T3iQzfS4vqdeszsciZxHgHVPVNGAO7ruDeQUa15aP0kfjHJrXtRiDP\nyuUQ3iI5zYoweZEJL9DOdIPNpdcqEjSRfXsUpMVJ+phzona95y+JffqkNajLiimC\niiQhwbMebmWJgE/JoidccBlP1MTPyoaOwIJb2P3cLHF9aWG+VBvqa9uyt9Pneqkq\ndqs8BtJGOrA4zBRsRca5dQNRhmelNifabyClMvWMgnMKah6ZCTxbeeu+t7E5F5tm\naq0fAoIBAQCet0xJEyHU3EJtAGG+Plldi3KH7L3fdIZwBwNUAY8RcO6wEUvW7oQd\n4QY+b4xmdZuIpXpW7AoXD1nb0xEnMQ/s4GZFHpNvwjlDqVuVM8yTOtvhPL9mCDqC\nfedjWb9VROQHSGchzSrRbm48jTVlneF+WQEvBjP0fCU3d3FUfifHxRchCKlqnoI+\nrlzKPtSr/WjqpqtcB+sLhqM21seeD193Kk+RdwclbgHT+m9JESsElux+pIMUu+ks\n8PduULHrW4GI8sawUJnNj4rXw63GOJVZBTFDoQifU/Bg1sbu7E4eahxCTDpeVZcb\nNTHgLG14DeJexJ02O0lTOkFVdxh48FCbAoIBAQCJWGFXaDBaa7BB0XtU7kdyhdTc\nx2BnE4CwUyBBN6Cagr4GiXe9YKD8I2Sfoosr7CiIjbuumtO7zyw1kxNshyqyeVdL\n4H1oB3GJQOJ9e9zQsEPqNLnY4a8cCCNwMwB5uy3VoSYAxlQZCrmzDKHUeTZBy8E1\n1QBfUBSVRE+Esd82u6Modry7lxX2FA1SmF3iG4GIK2AMgfq7pXQ7pYY8OfBZ+vGD\nrFnC1v9lPuNC15MUJDVdmFTqa5N+6sZsk+2P6DuwtJJp8wi2wyXPSLu0MZ12qLdP\nOJi71lSGwx66bZ34N9DhUByc4Z9Bl9yk5wtZRi3jNXYgHM+aZK5V4ssLxWGX\n-----END RSA PRIVATE KEY-----\n",
            "content_base64": null,
            "content_base64sha256": "MMn5Cf1PdKwTH3aqp9peTV1zCpf7QianE+1fWS7i/2g=",
            "content_base64sha512": "7Spx1tavUgnX2BTqANv5W1wsFGDGBvKbRS9O0JGdCRjOb8O9yAp4hv4x/gpHgn6jUmZdDBY0+0GY6J0stACR/A==",
            "content_md5": "725fc3f152892d72877bdf9ed3b362d6",
            "content_sha1": "9de22bcd44945ed0c9c970880ad33bb78f02eb13",
            "content_sha256": "30c9f909fd4f74ac131f76aaa7da5e4d5d730a97fb4226a713ed5f592ee2ff68",
            "content_sha512": "ed2a71d6d6af5209d7d814ea00dbf95b5c2c1460c606f29b452f4ed0919d0918ce6fc3bdc80a7886fe31fe0a47827ea352665d0c1634fb4198e89d2cb40091fc",
            "directory_permission": "0777",
            "file_permission": "0777",
            "filename": "./devops-key.pem",
            "id": "9de22bcd44945ed0c9c970880ad33bb78f02eb13",
            "sensitive_content": null,
            "source": null
          },
          "sensitive_attributes": [
            [
              {
                "type": "get_attr",
                "value": "content"
              }
            ]
          ],
          "dependencies": [
            "tls_private_key.devops_key"
          ]
        }
      ]
    },
    {
      "mode": "managed",
      "type": "tls_private_key",
      "name": "devops_key",
      "provider": "provider[\"registry.terraform.io/hashicorp/tls\"]",
      "instances": [
        {
          "schema_version": 1,
          "attributes": {
            "algorithm": "RSA",
            "ecdsa_curve": "P224",
            "id": "962eff878b3950c595befd2c83c652261da25a5f",
            "private_key_openssh": "-----BEGIN OPENSSH PRIVATE KEY-----\nb3BlbnNzaC1rZXktdjEAAAAABG5vbmUAAAAEbm9uZQAAAAAAAAABAAACFwAAAAdz\nc2gtcnNhAAAAAwEAAQAAAgEAs3s2ojsACXRDPvtDMtyo/1MKp+jtl/xxqAQd50jA\n9jW0qZqaZEVoqMFlqXCeS575QdmAKvJ1Q7xQPdjYKhWj7JOWqkV47dQ+kPKmrIC8\nUghqhSIruIyCp1JRq82GRcvTqMhDO3mVXleE9psGBAkmsxsjYdb26CKIGBbgn3Oa\nzlMtG+XTwRZP+7aLzmVJ6iOuTnTgK6TKEH3pUh9lUZNAYnoB6b1OKxogzRBfHWxt\nFMOhGh15uzBLVBRQaSUIJkGXeXXJBceGFkJTk/XdP9PHXlCABOO1uBSD7GlotNhb\nJ/ts2XF0Jx6Um6Rk+qWoIyg6LjsUHt87A5wBKcweghv0c8KrLt2BR0cpOBIEszJM\n27Yh6iyNOyWihvw/LjnK3XQNwa6U6j6nQyHf3/eMfZJTEnx93GRhrK/zSqHsqyWA\nFUTXI721TSPn3x7k4wfrKQip4NLJrdLOrj88rxuRMT/HQzNgT3N8SaUScq32iBDv\nHZgwaD2GkUDzIXTVcAPia3WgY717rI492PxOK+O+fAfDrw3n1tUKSVFjqjs9W9sd\n82nCfffiOXV5MQRsWQVPFg1Xwhtm5nLFUg7psVpOjy3KHKq5RSYqiQPU0yErWJlN\nLlQV14s0uxiNqj4fr/aTw2vv+Bn9B+/D7RqozeP7uV6AwnC+fiY2P+gB0oiuyZv/\nVZUAAAc43txnfd7cZ30AAAAHc3NoLXJzYQAAAgEAs3s2ojsACXRDPvtDMtyo/1MK\np+jtl/xxqAQd50jA9jW0qZqaZEVoqMFlqXCeS575QdmAKvJ1Q7xQPdjYKhWj7JOW\nqkV47dQ+kPKmrIC8UghqhSIruIyCp1JRq82GRcvTqMhDO3mVXleE9psGBAkmsxsj\nYdb26CKIGBbgn3OazlMtG+XTwRZP+7aLzmVJ6iOuTnTgK6TKEH3pUh9lUZNAYnoB\n6b1OKxogzRBfHWxtFMOhGh15uzBLVBRQaSUIJkGXeXXJBceGFkJTk/XdP9PHXlCA\nBOO1uBSD7GlotNhbJ/ts2XF0Jx6Um6Rk+qWoIyg6LjsUHt87A5wBKcweghv0c8Kr\nLt2BR0cpOBIEszJM27Yh6iyNOyWihvw/LjnK3XQNwa6U6j6nQyHf3/eMfZJTEnx9\n3GRhrK/zSqHsqyWAFUTXI721TSPn3x7k4wfrKQip4NLJrdLOrj88rxuRMT/HQzNg\nT3N8SaUScq32iBDvHZgwaD2GkUDzIXTVcAPia3WgY717rI492PxOK+O+fAfDrw3n\n1tUKSVFjqjs9W9sd82nCfffiOXV5MQRsWQVPFg1Xwhtm5nLFUg7psVpOjy3KHKq5\nRSYqiQPU0yErWJlNLlQV14s0uxiNqj4fr/aTw2vv+Bn9B+/D7RqozeP7uV6AwnC+\nfiY2P+gB0oiuyZv/VZUAAAADAQABAAACAAM3E9V4JRoGQSYhriR9G3HndOtpGsh8\nNzUBTd/Ux9AhSik3ochmDefn/wA4Cj3kjSaG1OrwCPW7q9xPxB+M37DfO/W05OOt\nx6klD6NLcxQtHmtgH1Rg//4rVVc0iVE6w4HkhH/OP8S+4JziTgtIdq8Cr3GTPj0O\nUU3NKxzwHzfO+aHkThTJZ4lkzcBWxCozlW3GXjWp8Ay3lLRp55C8iIy7Dsm3IG1Z\nPHkv7+RBCvsyPfKP0Jxv0wmgi4g2p5y31BTS7VTzLA2+Bm1CHEKGcq3X11M/GQRB\nKdPUV5HVxlxC/sIubBw/Sf43xa9PxGFM2S321PdwnEgGRWcQRwOhqJFal1XRy+3c\nJsxcqt1Qt9ArE4/MDvUx9YfkRchvbuFKIGtnCQXzlw4ugQFDOG6P3miwvD/Z9o7t\nCes42FBMulZz5hUSDxlNudvUMB3wUNpQNsLITOQxeiFFkkZskPKldkCOrAApWS2r\nrlBxprsBpkNzdNilN83eFqEl2hAxBDdb9RkyQzPoR1KRswCLg2Q5zjaTWu9WBMDC\nOxO7dh7rB7etTkrIYoxpO8WXv8PZ79bAMI267jcCrcd+4cBvYVbfaB5Mm7p4PWUz\ntFaVmD2Sbc2KLTpDv4t1wrwcfMs00xWTFRCLzODC0KBj2FKwtNh9+02GO07AaSVK\nqmY6ifNiBTBJAAABAQCJWGFXaDBaa7BB0XtU7kdyhdTcx2BnE4CwUyBBN6Cagr4G\niXe9YKD8I2Sfoosr7CiIjbuumtO7zyw1kxNshyqyeVdL4H1oB3GJQOJ9e9zQsEPq\nNLnY4a8cCCNwMwB5uy3VoSYAxlQZCrmzDKHUeTZBy8E11QBfUBSVRE+Esd82u6Mo\ndry7lxX2FA1SmF3iG4GIK2AMgfq7pXQ7pYY8OfBZ+vGDrFnC1v9lPuNC15MUJDVd\nmFTqa5N+6sZsk+2P6DuwtJJp8wi2wyXPSLu0MZ12qLdPOJi71lSGwx66bZ34N9Dh\nUByc4Z9Bl9yk5wtZRi3jNXYgHM+aZK5V4ssLxWGXAAABAQDqn0eEdHIqNDQvyk5Q\nvul957uKVfTvzWWbKJAPDd2IvVL9V0cZl3D2ibJBZtu47V/AdSnaPaBXPXfbN/mP\nkooSb2fNqWAvC8BTlZfJWApL1q7WqL8b2GgCP5YQ8Pl5bDgHNax7Z2g6K8hOD569\nMz+UU3HOZlCWmYb9B+kIrunCyLVqkuVIDEu/bjgxxj4L6QuJOMtv3P6mDqmHAolo\ntHEQVOX10qPnuUDdSnfjQKICij8i2A9S6hJkIzMR263r1vwREnwZtpk3v7kLWJDW\nUWYSkgQeetOJ5Ooz6sxW40knhpxH6pgqFaG8PXff7xNk2xVSyMUcnUtGS7p3R6xA\nWdH7AAABAQDD1bxcmAc/s+wDiqSlH9oKDtDzmt8WRh3u5Z5Wf8kvaWTH03IqgwFd\nqtYAyhhoO0XkY0gUvH6yXavLmraXiIslNH9JadRaqFHPPyFIbskGuv3bDhJlVn4g\nTce9kf9tMSwdpy8arbwpDQQ41OMje/RRbUt2cSIpJr6Phm5SxYYFms8sAgk9o6ET\niYw5LfD3Za00+zbMhFhpFAeQgBTr8yrnLCg2+gp69PbMj25/45BiLXl9Ji92CQC4\n5SucO3AkE+ZwNueVbDVV/swI/wJ9xwThZvItGEc31GPAveVzlAsFeLQp210WD0kV\n3lqWr36LWsWkGiRiJsIVWXFEY6SPa3GvAAAAAAEC\n-----END OPENSSH PRIVATE KEY-----\n",
            "private_key_pem": "-----BEGIN RSA PRIVATE KEY-----\nMIIJKQIBAAKCAgEAs3s2ojsACXRDPvtDMtyo/1MKp+jtl/xxqAQd50jA9jW0qZqa\nZEVoqMFlqXCeS575QdmAKvJ1Q7xQPdjYKhWj7JOWqkV47dQ+kPKmrIC8UghqhSIr\nuIyCp1JRq82GRcvTqMhDO3mVXleE9psGBAkmsxsjYdb26CKIGBbgn3OazlMtG+XT\nwRZP+7aLzmVJ6iOuTnTgK6TKEH3pUh9lUZNAYnoB6b1OKxogzRBfHWxtFMOhGh15\nuzBLVBRQaSUIJkGXeXXJBceGFkJTk/XdP9PHXlCABOO1uBSD7GlotNhbJ/ts2XF0\nJx6Um6Rk+qWoIyg6LjsUHt87A5wBKcweghv0c8KrLt2BR0cpOBIEszJM27Yh6iyN\nOyWihvw/LjnK3XQNwa6U6j6nQyHf3/eMfZJTEnx93GRhrK/zSqHsqyWAFUTXI721\nTSPn3x7k4wfrKQip4NLJrdLOrj88rxuRMT/HQzNgT3N8SaUScq32iBDvHZgwaD2G\nkUDzIXTVcAPia3WgY717rI492PxOK+O+fAfDrw3n1tUKSVFjqjs9W9sd82nCfffi\nOXV5MQRsWQVPFg1Xwhtm5nLFUg7psVpOjy3KHKq5RSYqiQPU0yErWJlNLlQV14s0\nuxiNqj4fr/aTw2vv+Bn9B+/D7RqozeP7uV6AwnC+fiY2P+gB0oiuyZv/VZUCAwEA\nAQKCAgADNxPVeCUaBkEmIa4kfRtx53TraRrIfDc1AU3f1MfQIUopN6HIZg3n5/8A\nOAo95I0mhtTq8Aj1u6vcT8QfjN+w3zv1tOTjrcepJQ+jS3MULR5rYB9UYP/+K1VX\nNIlROsOB5IR/zj/EvuCc4k4LSHavAq9xkz49DlFNzSsc8B83zvmh5E4UyWeJZM3A\nVsQqM5Vtxl41qfAMt5S0aeeQvIiMuw7JtyBtWTx5L+/kQQr7Mj3yj9Ccb9MJoIuI\nNqect9QU0u1U8ywNvgZtQhxChnKt19dTPxkEQSnT1FeR1cZcQv7CLmwcP0n+N8Wv\nT8RhTNkt9tT3cJxIBkVnEEcDoaiRWpdV0cvt3CbMXKrdULfQKxOPzA71MfWH5EXI\nb27hSiBrZwkF85cOLoEBQzhuj95osLw/2faO7QnrONhQTLpWc+YVEg8ZTbnb1DAd\n8FDaUDbCyEzkMXohRZJGbJDypXZAjqwAKVktq65Qcaa7AaZDc3TYpTfN3hahJdoQ\nMQQ3W/UZMkMz6EdSkbMAi4NkOc42k1rvVgTAwjsTu3Ye6we3rU5KyGKMaTvFl7/D\n2e/WwDCNuu43Aq3HfuHAb2FW32geTJu6eD1lM7RWlZg9km3Nii06Q7+LdcK8HHzL\nNNMVkxUQi8zgwtCgY9hSsLTYfftNhjtOwGklSqpmOonzYgUwSQKCAQEA6p9HhHRy\nKjQ0L8pOUL7pfee7ilX0781lmyiQDw3diL1S/VdHGZdw9omyQWbbuO1fwHUp2j2g\nVz132zf5j5KKEm9nzalgLwvAU5WXyVgKS9au1qi/G9hoAj+WEPD5eWw4BzWse2do\nOivITg+evTM/lFNxzmZQlpmG/QfpCK7pwsi1apLlSAxLv244McY+C+kLiTjLb9z+\npg6phwKJaLRxEFTl9dKj57lA3Up340CiAoo/ItgPUuoSZCMzEdut69b8ERJ8GbaZ\nN7+5C1iQ1lFmEpIEHnrTieTqM+rMVuNJJ4acR+qYKhWhvD133+8TZNsVUsjFHJ1L\nRku6d0esQFnR+wKCAQEAw9W8XJgHP7PsA4qkpR/aCg7Q85rfFkYd7uWeVn/JL2lk\nx9NyKoMBXarWAMoYaDtF5GNIFLx+sl2ry5q2l4iLJTR/SWnUWqhRzz8hSG7JBrr9\n2w4SZVZ+IE3HvZH/bTEsHacvGq28KQ0EONTjI3v0UW1LdnEiKSa+j4ZuUsWGBZrP\nLAIJPaOhE4mMOS3w92WtNPs2zIRYaRQHkIAU6/Mq5ywoNvoKevT2zI9uf+OQYi15\nfSYvdgkAuOUrnDtwJBPmcDbnlWw1Vf7MCP8CfccE4WbyLRhHN9RjwL3lc5QLBXi0\nKdtdFg9JFd5alq9+i1rFpBokYibCFVlxRGOkj2txrwKCAQAIsEtauWE89N/14R0T\nWm6VLg7A6bv/YXDg1Ri4pf/NP42iOig052nUh3bleySp7Yh9PRmGrn+Qm4MjyCfi\nzD92vU9vy1T3iQzfS4vqdeszsciZxHgHVPVNGAO7ruDeQUa15aP0kfjHJrXtRiDP\nyuUQ3iI5zYoweZEJL9DOdIPNpdcqEjSRfXsUpMVJ+phzona95y+JffqkNajLiimC\niiQhwbMebmWJgE/JoidccBlP1MTPyoaOwIJb2P3cLHF9aWG+VBvqa9uyt9Pneqkq\ndqs8BtJGOrA4zBRsRca5dQNRhmelNifabyClMvWMgnMKah6ZCTxbeeu+t7E5F5tm\naq0fAoIBAQCet0xJEyHU3EJtAGG+Plldi3KH7L3fdIZwBwNUAY8RcO6wEUvW7oQd\n4QY+b4xmdZuIpXpW7AoXD1nb0xEnMQ/s4GZFHpNvwjlDqVuVM8yTOtvhPL9mCDqC\nfedjWb9VROQHSGchzSrRbm48jTVlneF+WQEvBjP0fCU3d3FUfifHxRchCKlqnoI+\nrlzKPtSr/WjqpqtcB+sLhqM21seeD193Kk+RdwclbgHT+m9JESsElux+pIMUu+ks\n8PduULHrW4GI8sawUJnNj4rXw63GOJVZBTFDoQifU/Bg1sbu7E4eahxCTDpeVZcb\nNTHgLG14DeJexJ02O0lTOkFVdxh48FCbAoIBAQCJWGFXaDBaa7BB0XtU7kdyhdTc\nx2BnE4CwUyBBN6Cagr4GiXe9YKD8I2Sfoosr7CiIjbuumtO7zyw1kxNshyqyeVdL\n4H1oB3GJQOJ9e9zQsEPqNLnY4a8cCCNwMwB5uy3VoSYAxlQZCrmzDKHUeTZBy8E1\n1QBfUBSVRE+Esd82u6Modry7lxX2FA1SmF3iG4GIK2AMgfq7pXQ7pYY8OfBZ+vGD\nrFnC1v9lPuNC15MUJDVdmFTqa5N+6sZsk+2P6DuwtJJp8wi2wyXPSLu0MZ12qLdP\nOJi71lSGwx66bZ34N9DhUByc4Z9Bl9yk5wtZRi3jNXYgHM+aZK5V4ssLxWGX\n-----END RSA PRIVATE KEY-----\n",
            "private_key_pem_pkcs8": "-----BEGIN PRIVATE KEY-----\nMIIJQwIBADANBgkqhkiG9w0BAQEFAASCCS0wggkpAgEAAoICAQCzezaiOwAJdEM+\n+0My3Kj/Uwqn6O2X/HGoBB3nSMD2NbSpmppkRWiowWWpcJ5LnvlB2YAq8nVDvFA9\n2NgqFaPsk5aqRXjt1D6Q8qasgLxSCGqFIiu4jIKnUlGrzYZFy9OoyEM7eZVeV4T2\nmwYECSazGyNh1vboIogYFuCfc5rOUy0b5dPBFk/7tovOZUnqI65OdOArpMoQfelS\nH2VRk0BiegHpvU4rGiDNEF8dbG0Uw6EaHXm7MEtUFFBpJQgmQZd5dckFx4YWQlOT\n9d0/08deUIAE47W4FIPsaWi02Fsn+2zZcXQnHpSbpGT6pagjKDouOxQe3zsDnAEp\nzB6CG/Rzwqsu3YFHRyk4EgSzMkzbtiHqLI07JaKG/D8uOcrddA3BrpTqPqdDId/f\n94x9klMSfH3cZGGsr/NKoeyrJYAVRNcjvbVNI+ffHuTjB+spCKng0smt0s6uPzyv\nG5ExP8dDM2BPc3xJpRJyrfaIEO8dmDBoPYaRQPMhdNVwA+JrdaBjvXusjj3Y/E4r\n4758B8OvDefW1QpJUWOqOz1b2x3zacJ99+I5dXkxBGxZBU8WDVfCG2bmcsVSDumx\nWk6PLcocqrlFJiqJA9TTIStYmU0uVBXXizS7GI2qPh+v9pPDa+/4Gf0H78PtGqjN\n4/u5XoDCcL5+JjY/6AHSiK7Jm/9VlQIDAQABAoICAAM3E9V4JRoGQSYhriR9G3Hn\ndOtpGsh8NzUBTd/Ux9AhSik3ochmDefn/wA4Cj3kjSaG1OrwCPW7q9xPxB+M37Df\nO/W05OOtx6klD6NLcxQtHmtgH1Rg//4rVVc0iVE6w4HkhH/OP8S+4JziTgtIdq8C\nr3GTPj0OUU3NKxzwHzfO+aHkThTJZ4lkzcBWxCozlW3GXjWp8Ay3lLRp55C8iIy7\nDsm3IG1ZPHkv7+RBCvsyPfKP0Jxv0wmgi4g2p5y31BTS7VTzLA2+Bm1CHEKGcq3X\n11M/GQRBKdPUV5HVxlxC/sIubBw/Sf43xa9PxGFM2S321PdwnEgGRWcQRwOhqJFa\nl1XRy+3cJsxcqt1Qt9ArE4/MDvUx9YfkRchvbuFKIGtnCQXzlw4ugQFDOG6P3miw\nvD/Z9o7tCes42FBMulZz5hUSDxlNudvUMB3wUNpQNsLITOQxeiFFkkZskPKldkCO\nrAApWS2rrlBxprsBpkNzdNilN83eFqEl2hAxBDdb9RkyQzPoR1KRswCLg2Q5zjaT\nWu9WBMDCOxO7dh7rB7etTkrIYoxpO8WXv8PZ79bAMI267jcCrcd+4cBvYVbfaB5M\nm7p4PWUztFaVmD2Sbc2KLTpDv4t1wrwcfMs00xWTFRCLzODC0KBj2FKwtNh9+02G\nO07AaSVKqmY6ifNiBTBJAoIBAQDqn0eEdHIqNDQvyk5Qvul957uKVfTvzWWbKJAP\nDd2IvVL9V0cZl3D2ibJBZtu47V/AdSnaPaBXPXfbN/mPkooSb2fNqWAvC8BTlZfJ\nWApL1q7WqL8b2GgCP5YQ8Pl5bDgHNax7Z2g6K8hOD569Mz+UU3HOZlCWmYb9B+kI\nrunCyLVqkuVIDEu/bjgxxj4L6QuJOMtv3P6mDqmHAolotHEQVOX10qPnuUDdSnfj\nQKICij8i2A9S6hJkIzMR263r1vwREnwZtpk3v7kLWJDWUWYSkgQeetOJ5Ooz6sxW\n40knhpxH6pgqFaG8PXff7xNk2xVSyMUcnUtGS7p3R6xAWdH7AoIBAQDD1bxcmAc/\ns+wDiqSlH9oKDtDzmt8WRh3u5Z5Wf8kvaWTH03IqgwFdqtYAyhhoO0XkY0gUvH6y\nXavLmraXiIslNH9JadRaqFHPPyFIbskGuv3bDhJlVn4gTce9kf9tMSwdpy8arbwp\nDQQ41OMje/RRbUt2cSIpJr6Phm5SxYYFms8sAgk9o6ETiYw5LfD3Za00+zbMhFhp\nFAeQgBTr8yrnLCg2+gp69PbMj25/45BiLXl9Ji92CQC45SucO3AkE+ZwNueVbDVV\n/swI/wJ9xwThZvItGEc31GPAveVzlAsFeLQp210WD0kV3lqWr36LWsWkGiRiJsIV\nWXFEY6SPa3GvAoIBAAiwS1q5YTz03/XhHRNabpUuDsDpu/9hcODVGLil/80/jaI6\nKDTnadSHduV7JKntiH09GYauf5CbgyPIJ+LMP3a9T2/LVPeJDN9Li+p16zOxyJnE\neAdU9U0YA7uu4N5BRrXlo/SR+Mcmte1GIM/K5RDeIjnNijB5kQkv0M50g82l1yoS\nNJF9exSkxUn6mHOidr3nL4l9+qQ1qMuKKYKKJCHBsx5uZYmAT8miJ1xwGU/UxM/K\nho7AglvY/dwscX1pYb5UG+pr27K30+d6qSp2qzwG0kY6sDjMFGxFxrl1A1GGZ6U2\nJ9pvIKUy9YyCcwpqHpkJPFt56763sTkXm2ZqrR8CggEBAJ63TEkTIdTcQm0AYb4+\nWV2Lcofsvd90hnAHA1QBjxFw7rARS9buhB3hBj5vjGZ1m4ilelbsChcPWdvTEScx\nD+zgZkUek2/COUOpW5UzzJM62+E8v2YIOoJ952NZv1VE5AdIZyHNKtFubjyNNWWd\n4X5ZAS8GM/R8JTd3cVR+J8fFFyEIqWqegj6uXMo+1Kv9aOqmq1wH6wuGozbWx54P\nX3cqT5F3ByVuAdP6b0kRKwSW7H6kgxS76Szw925QsetbgYjyxrBQmc2PitfDrcY4\nlVkFMUOhCJ9T8GDWxu7sTh5qHEJMOl5Vlxs1MeAsbXgN4l7EnTY7SVM6QVV3GHjw\nUJsCggEBAIlYYVdoMFprsEHRe1TuR3KF1NzHYGcTgLBTIEE3oJqCvgaJd71goPwj\nZJ+iiyvsKIiNu66a07vPLDWTE2yHKrJ5V0vgfWgHcYlA4n173NCwQ+o0udjhrxwI\nI3AzAHm7LdWhJgDGVBkKubMModR5NkHLwTXVAF9QFJVET4Sx3za7oyh2vLuXFfYU\nDVKYXeIbgYgrYAyB+ruldDulhjw58Fn68YOsWcLW/2U+40LXkxQkNV2YVOprk37q\nxmyT7Y/oO7C0kmnzCLbDJc9Iu7QxnXaot084mLvWVIbDHrptnfg30OFQHJzhn0GX\n3KTnC1lGLeM1diAcz5pkrlXiywvFYZc=\n-----END PRIVATE KEY-----\n",
            "public_key_fingerprint_md5": "9b:39:80:0b:ce:82:bb:a1:55:6b:4d:8f:d7:87:02:bc",
            "public_key_fingerprint_sha256": "SHA256:Ba0BwzrBZMVzx+iHaY1bYX9ELVaB8m4wdPcJVSYrn/8",
            "public_key_openssh": "ssh-rsa AAAAB3NzaC1yc2EAAAADAQABAAACAQCzezaiOwAJdEM++0My3Kj/Uwqn6O2X/HGoBB3nSMD2NbSpmppkRWiowWWpcJ5LnvlB2YAq8nVDvFA92NgqFaPsk5aqRXjt1D6Q8qasgLxSCGqFIiu4jIKnUlGrzYZFy9OoyEM7eZVeV4T2mwYECSazGyNh1vboIogYFuCfc5rOUy0b5dPBFk/7tovOZUnqI65OdOArpMoQfelSH2VRk0BiegHpvU4rGiDNEF8dbG0Uw6EaHXm7MEtUFFBpJQgmQZd5dckFx4YWQlOT9d0/08deUIAE47W4FIPsaWi02Fsn+2zZcXQnHpSbpGT6pagjKDouOxQe3zsDnAEpzB6CG/Rzwqsu3YFHRyk4EgSzMkzbtiHqLI07JaKG/D8uOcrddA3BrpTqPqdDId/f94x9klMSfH3cZGGsr/NKoeyrJYAVRNcjvbVNI+ffHuTjB+spCKng0smt0s6uPzyvG5ExP8dDM2BPc3xJpRJyrfaIEO8dmDBoPYaRQPMhdNVwA+JrdaBjvXusjj3Y/E4r4758B8OvDefW1QpJUWOqOz1b2x3zacJ99+I5dXkxBGxZBU8WDVfCG2bmcsVSDumxWk6PLcocqrlFJiqJA9TTIStYmU0uVBXXizS7GI2qPh+v9pPDa+/4Gf0H78PtGqjN4/u5XoDCcL5+JjY/6AHSiK7Jm/9VlQ==\n",
            "public_key_pem": "-----BEGIN PUBLIC KEY-----\nMIICIjANBgkqhkiG9w0BAQEFAAOCAg8AMIICCgKCAgEAs3s2ojsACXRDPvtDMtyo\n/1MKp+jtl/xxqAQd50jA9jW0qZqaZEVoqMFlqXCeS575QdmAKvJ1Q7xQPdjYKhWj\n7JOWqkV47dQ+kPKmrIC8UghqhSIruIyCp1JRq82GRcvTqMhDO3mVXleE9psGBAkm\nsxsjYdb26CKIGBbgn3OazlMtG+XTwRZP+7aLzmVJ6iOuTnTgK6TKEH3pUh9lUZNA\nYnoB6b1OKxogzRBfHWxtFMOhGh15uzBLVBRQaSUIJkGXeXXJBceGFkJTk/XdP9PH\nXlCABOO1uBSD7GlotNhbJ/ts2XF0Jx6Um6Rk+qWoIyg6LjsUHt87A5wBKcweghv0\nc8KrLt2BR0cpOBIEszJM27Yh6iyNOyWihvw/LjnK3XQNwa6U6j6nQyHf3/eMfZJT\nEnx93GRhrK/zSqHsqyWAFUTXI721TSPn3x7k4wfrKQip4NLJrdLOrj88rxuRMT/H\nQzNgT3N8SaUScq32iBDvHZgwaD2GkUDzIXTVcAPia3WgY717rI492PxOK+O+fAfD\nrw3n1tUKSVFjqjs9W9sd82nCfffiOXV5MQRsWQVPFg1Xwhtm5nLFUg7psVpOjy3K\nHKq5RSYqiQPU0yErWJlNLlQV14s0uxiNqj4fr/aTw2vv+Bn9B+/D7RqozeP7uV6A\nwnC+fiY2P+gB0oiuyZv/VZUCAwEAAQ==\n-----END PUBLIC KEY-----\n",
            "rsa_bits": 4096
          },
          "sensitive_attributes": []
        }
      ]
    }
  ],
  "check_results": null
}
